// !$*UTF8*$!
{
	archiveVersion = 1;
	classes = {
	};
	objectVersion = 48;
	objects = {

/* Begin PBXBuildFile section */
		9F803A681F9839C800499D9D /* AppDelegate.m in Sources */ = {isa = PBXBuildFile; fileRef = 9F803A671F9839C800499D9D /* AppDelegate.m */; };
		9F803A6B1F9839C800499D9D /* ViewController.m in Sources */ = {isa = PBXBuildFile; fileRef = 9F803A6A1F9839C800499D9D /* ViewController.m */; };
		9F803A6E1F9839C800499D9D /* Main.storyboard in Resources */ = {isa = PBXBuildFile; fileRef = 9F803A6C1F9839C800499D9D /* Main.storyboard */; };
		9F803A701F9839C800499D9D /* Assets.xcassets in Resources */ = {isa = PBXBuildFile; fileRef = 9F803A6F1F9839C800499D9D /* Assets.xcassets */; };
		9F803A731F9839C800499D9D /* LaunchScreen.storyboard in Resources */ = {isa = PBXBuildFile; fileRef = 9F803A711F9839C800499D9D /* LaunchScreen.storyboard */; };
		9F803A761F9839C900499D9D /* main.m in Sources */ = {isa = PBXBuildFile; fileRef = 9F803A751F9839C900499D9D /* main.m */; };
		9F803A801F9839C900499D9D /* ExerciseTests.m in Sources */ = {isa = PBXBuildFile; fileRef = 9F803A7F1F9839C900499D9D /* ExerciseTests.m */; };
		9F803A8B1F9839C900499D9D /* ExerciseUITests.m in Sources */ = {isa = PBXBuildFile; fileRef = 9F803A8A1F9839C900499D9D /* ExerciseUITests.m */; };
		9FE5BCED1F9D92000030D92B /* WDCPlusButton.m in Sources */ = {isa = PBXBuildFile; fileRef = 9FE5BCEC1F9D92000030D92B /* WDCPlusButton.m */; };
		9FE5BCF01F9D93C60030D92B /* WDCTabBar.m in Sources */ = {isa = PBXBuildFile; fileRef = 9FE5BCEF1F9D93C60030D92B /* WDCTabBar.m */; };
		9FE5BCF31F9D98180030D92B /* WDCTabBarController.m in Sources */ = {isa = PBXBuildFile; fileRef = 9FE5BCF21F9D98180030D92B /* WDCTabBarController.m */; };
		9FE5BCF71F9DB8900030D92B /* WDCTabBarControllerConfig.m in Sources */ = {isa = PBXBuildFile; fileRef = 9FE5BCF61F9DB8900030D92B /* WDCTabBarControllerConfig.m */; };
		9FE5BCFA1F9DBD280030D92B /* WDCPlusButtonSubclass.m in Sources */ = {isa = PBXBuildFile; fileRef = 9FE5BCF91F9DBD280030D92B /* WDCPlusButtonSubclass.m */; };
/* End PBXBuildFile section */

/* Begin PBXContainerItemProxy section */
		9F803A7C1F9839C900499D9D /* PBXContainerItemProxy */ = {
			isa = PBXContainerItemProxy;
			containerPortal = 9F803A5B1F9839C800499D9D /* Project object */;
			proxyType = 1;
			remoteGlobalIDString = 9F803A621F9839C800499D9D;
			remoteInfo = Exercise;
		};
		9F803A871F9839C900499D9D /* PBXContainerItemProxy */ = {
			isa = PBXContainerItemProxy;
			containerPortal = 9F803A5B1F9839C800499D9D /* Project object */;
			proxyType = 1;
			remoteGlobalIDString = 9F803A621F9839C800499D9D;
			remoteInfo = Exercise;
		};
/* End PBXContainerItemProxy section */

/* Begin PBXFileReference section */
		9F803A631F9839C800499D9D /* Exercise.app */ = {isa = PBXFileReference; explicitFileType = wrapper.application; includeInIndex = 0; path = Exercise.app; sourceTree = BUILT_PRODUCTS_DIR; };
		9F803A661F9839C800499D9D /* AppDelegate.h */ = {isa = PBXFileReference; lastKnownFileType = sourcecode.c.h; path = AppDelegate.h; sourceTree = "<group>"; };
		9F803A671F9839C800499D9D /* AppDelegate.m */ = {isa = PBXFileReference; lastKnownFileType = sourcecode.c.objc; path = AppDelegate.m; sourceTree = "<group>"; };
		9F803A691F9839C800499D9D /* ViewController.h */ = {isa = PBXFileReference; lastKnownFileType = sourcecode.c.h; path = ViewController.h; sourceTree = "<group>"; };
		9F803A6A1F9839C800499D9D /* ViewController.m */ = {isa = PBXFileReference; lastKnownFileType = sourcecode.c.objc; path = ViewController.m; sourceTree = "<group>"; };
		9F803A6D1F9839C800499D9D /* Base */ = {isa = PBXFileReference; lastKnownFileType = file.storyboard; name = Base; path = Base.lproj/Main.storyboard; sourceTree = "<group>"; };
		9F803A6F1F9839C800499D9D /* Assets.xcassets */ = {isa = PBXFileReference; lastKnownFileType = folder.assetcatalog; path = Assets.xcassets; sourceTree = "<group>"; };
		9F803A721F9839C800499D9D /* Base */ = {isa = PBXFileReference; lastKnownFileType = file.storyboard; name = Base; path = Base.lproj/LaunchScreen.storyboard; sourceTree = "<group>"; };
		9F803A741F9839C900499D9D /* Info.plist */ = {isa = PBXFileReference; lastKnownFileType = text.plist.xml; path = Info.plist; sourceTree = "<group>"; };
		9F803A751F9839C900499D9D /* main.m */ = {isa = PBXFileReference; lastKnownFileType = sourcecode.c.objc; path = main.m; sourceTree = "<group>"; };
		9F803A7B1F9839C900499D9D /* ExerciseTests.xctest */ = {isa = PBXFileReference; explicitFileType = wrapper.cfbundle; includeInIndex = 0; path = ExerciseTests.xctest; sourceTree = BUILT_PRODUCTS_DIR; };
		9F803A7F1F9839C900499D9D /* ExerciseTests.m */ = {isa = PBXFileReference; lastKnownFileType = sourcecode.c.objc; path = ExerciseTests.m; sourceTree = "<group>"; };
		9F803A811F9839C900499D9D /* Info.plist */ = {isa = PBXFileReference; lastKnownFileType = text.plist.xml; path = Info.plist; sourceTree = "<group>"; };
		9F803A861F9839C900499D9D /* ExerciseUITests.xctest */ = {isa = PBXFileReference; explicitFileType = wrapper.cfbundle; includeInIndex = 0; path = ExerciseUITests.xctest; sourceTree = BUILT_PRODUCTS_DIR; };
		9F803A8A1F9839C900499D9D /* ExerciseUITests.m */ = {isa = PBXFileReference; lastKnownFileType = sourcecode.c.objc; path = ExerciseUITests.m; sourceTree = "<group>"; };
		9F803A8C1F9839C900499D9D /* Info.plist */ = {isa = PBXFileReference; lastKnownFileType = text.plist.xml; path = Info.plist; sourceTree = "<group>"; };
		9FE5BCEB1F9D92000030D92B /* WDCPlusButton.h */ = {isa = PBXFileReference; lastKnownFileType = sourcecode.c.h; path = WDCPlusButton.h; sourceTree = "<group>"; };
		9FE5BCEC1F9D92000030D92B /* WDCPlusButton.m */ = {isa = PBXFileReference; lastKnownFileType = sourcecode.c.objc; path = WDCPlusButton.m; sourceTree = "<group>"; };
		9FE5BCEE1F9D93C60030D92B /* WDCTabBar.h */ = {isa = PBXFileReference; lastKnownFileType = sourcecode.c.h; path = WDCTabBar.h; sourceTree = "<group>"; };
		9FE5BCEF1F9D93C60030D92B /* WDCTabBar.m */ = {isa = PBXFileReference; lastKnownFileType = sourcecode.c.objc; path = WDCTabBar.m; sourceTree = "<group>"; };
		9FE5BCF11F9D98180030D92B /* WDCTabBarController.h */ = {isa = PBXFileReference; lastKnownFileType = sourcecode.c.h; path = WDCTabBarController.h; sourceTree = "<group>"; };
		9FE5BCF21F9D98180030D92B /* WDCTabBarController.m */ = {isa = PBXFileReference; lastKnownFileType = sourcecode.c.objc; path = WDCTabBarController.m; sourceTree = "<group>"; };
		9FE5BCF51F9DB8900030D92B /* WDCTabBarControllerConfig.h */ = {isa = PBXFileReference; lastKnownFileType = sourcecode.c.h; path = WDCTabBarControllerConfig.h; sourceTree = "<group>"; };
		9FE5BCF61F9DB8900030D92B /* WDCTabBarControllerConfig.m */ = {isa = PBXFileReference; lastKnownFileType = sourcecode.c.objc; path = WDCTabBarControllerConfig.m; sourceTree = "<group>"; };
		9FE5BCF81F9DBD280030D92B /* WDCPlusButtonSubclass.h */ = {isa = PBXFileReference; lastKnownFileType = sourcecode.c.h; path = WDCPlusButtonSubclass.h; sourceTree = "<group>"; };
		9FE5BCF91F9DBD280030D92B /* WDCPlusButtonSubclass.m */ = {isa = PBXFileReference; lastKnownFileType = sourcecode.c.objc; path = WDCPlusButtonSubclass.m; sourceTree = "<group>"; };
/* End PBXFileReference section */

/* Begin PBXFrameworksBuildPhase section */
		9F803A601F9839C800499D9D /* Frameworks */ = {
			isa = PBXFrameworksBuildPhase;
			buildActionMask = 2147483647;
			files = (
			);
			runOnlyForDeploymentPostprocessing = 0;
		};
		9F803A781F9839C900499D9D /* Frameworks */ = {
			isa = PBXFrameworksBuildPhase;
			buildActionMask = 2147483647;
			files = (
			);
			runOnlyForDeploymentPostprocessing = 0;
		};
		9F803A831F9839C900499D9D /* Frameworks */ = {
			isa = PBXFrameworksBuildPhase;
			buildActionMask = 2147483647;
			files = (
			);
			runOnlyForDeploymentPostprocessing = 0;
		};
/* End PBXFrameworksBuildPhase section */

/* Begin PBXGroup section */
		9F803A5A1F9839C800499D9D = {
			isa = PBXGroup;
			children = (
				9F803A651F9839C800499D9D /* Exercise */,
				9F803A7E1F9839C900499D9D /* ExerciseTests */,
				9F803A891F9839C900499D9D /* ExerciseUITests */,
				9F803A641F9839C800499D9D /* Products */,
			);
			sourceTree = "<group>";
		};
		9F803A641F9839C800499D9D /* Products */ = {
			isa = PBXGroup;
			children = (
				9F803A631F9839C800499D9D /* Exercise.app */,
				9F803A7B1F9839C900499D9D /* ExerciseTests.xctest */,
				9F803A861F9839C900499D9D /* ExerciseUITests.xctest */,
			);
			name = Products;
			sourceTree = "<group>";
		};
		9F803A651F9839C800499D9D /* Exercise */ = {
			isa = PBXGroup;
			children = (
				9FE5BCEB1F9D92000030D92B /* WDCPlusButton.h */,
				9FE5BCEC1F9D92000030D92B /* WDCPlusButton.m */,
				9FE5BCF81F9DBD280030D92B /* WDCPlusButtonSubclass.h */,
				9FE5BCF91F9DBD280030D92B /* WDCPlusButtonSubclass.m */,
				9FE5BCF51F9DB8900030D92B /* WDCTabBarControllerConfig.h */,
				9FE5BCF61F9DB8900030D92B /* WDCTabBarControllerConfig.m */,
				9FE5BCF11F9D98180030D92B /* WDCTabBarController.h */,
				9FE5BCF21F9D98180030D92B /* WDCTabBarController.m */,
				9FE5BCEE1F9D93C60030D92B /* WDCTabBar.h */,
				9FE5BCEF1F9D93C60030D92B /* WDCTabBar.m */,
				9F803A661F9839C800499D9D /* AppDelegate.h */,
				9F803A671F9839C800499D9D /* AppDelegate.m */,
				9F803A691F9839C800499D9D /* ViewController.h */,
				9F803A6A1F9839C800499D9D /* ViewController.m */,
				9F803A6C1F9839C800499D9D /* Main.storyboard */,
				9F803A6F1F9839C800499D9D /* Assets.xcassets */,
				9F803A711F9839C800499D9D /* LaunchScreen.storyboard */,
				9F803A741F9839C900499D9D /* Info.plist */,
				9F803A751F9839C900499D9D /* main.m */,
			);
			path = Exercise;
			sourceTree = "<group>";
		};
		9F803A7E1F9839C900499D9D /* ExerciseTests */ = {
			isa = PBXGroup;
			children = (
				9F803A7F1F9839C900499D9D /* ExerciseTests.m */,
				9F803A811F9839C900499D9D /* Info.plist */,
			);
			path = ExerciseTests;
			sourceTree = "<group>";
		};
		9F803A891F9839C900499D9D /* ExerciseUITests */ = {
			isa = PBXGroup;
			children = (
				9F803A8A1F9839C900499D9D /* ExerciseUITests.m */,
				9F803A8C1F9839C900499D9D /* Info.plist */,
			);
			path = ExerciseUITests;
			sourceTree = "<group>";
		};
/* End PBXGroup section */

/* Begin PBXNativeTarget section */
		9F803A621F9839C800499D9D /* Exercise */ = {
			isa = PBXNativeTarget;
			buildConfigurationList = 9F803A8F1F9839C900499D9D /* Build configuration list for PBXNativeTarget "Exercise" */;
			buildPhases = (
				9F803A5F1F9839C800499D9D /* Sources */,
				9F803A601F9839C800499D9D /* Frameworks */,
				9F803A611F9839C800499D9D /* Resources */,
			);
			buildRules = (
			);
			dependencies = (
			);
			name = Exercise;
			productName = Exercise;
			productReference = 9F803A631F9839C800499D9D /* Exercise.app */;
			productType = "com.apple.product-type.application";
		};
		9F803A7A1F9839C900499D9D /* ExerciseTests */ = {
			isa = PBXNativeTarget;
			buildConfigurationList = 9F803A921F9839C900499D9D /* Build configuration list for PBXNativeTarget "ExerciseTests" */;
			buildPhases = (
				9F803A771F9839C900499D9D /* Sources */,
				9F803A781F9839C900499D9D /* Frameworks */,
				9F803A791F9839C900499D9D /* Resources */,
			);
			buildRules = (
			);
			dependencies = (
				9F803A7D1F9839C900499D9D /* PBXTargetDependency */,
			);
			name = ExerciseTests;
			productName = ExerciseTests;
			productReference = 9F803A7B1F9839C900499D9D /* ExerciseTests.xctest */;
			productType = "com.apple.product-type.bundle.unit-test";
		};
		9F803A851F9839C900499D9D /* ExerciseUITests */ = {
			isa = PBXNativeTarget;
			buildConfigurationList = 9F803A951F9839C900499D9D /* Build configuration list for PBXNativeTarget "ExerciseUITests" */;
			buildPhases = (
				9F803A821F9839C900499D9D /* Sources */,
				9F803A831F9839C900499D9D /* Frameworks */,
				9F803A841F9839C900499D9D /* Resources */,
			);
			buildRules = (
			);
			dependencies = (
				9F803A881F9839C900499D9D /* PBXTargetDependency */,
			);
			name = ExerciseUITests;
			productName = ExerciseUITests;
			productReference = 9F803A861F9839C900499D9D /* ExerciseUITests.xctest */;
			productType = "com.apple.product-type.bundle.ui-testing";
		};
/* End PBXNativeTarget section */

/* Begin PBXProject section */
		9F803A5B1F9839C800499D9D /* Project object */ = {
			isa = PBXProject;
			attributes = {
				LastUpgradeCheck = 0900;
				ORGANIZATIONNAME = "谢豪杰";
				TargetAttributes = {
					9F803A621F9839C800499D9D = {
						CreatedOnToolsVersion = 9.0;
						ProvisioningStyle = Automatic;
					};
					9F803A7A1F9839C900499D9D = {
						CreatedOnToolsVersion = 9.0;
						ProvisioningStyle = Automatic;
						TestTargetID = 9F803A621F9839C800499D9D;
					};
					9F803A851F9839C900499D9D = {
						CreatedOnToolsVersion = 9.0;
						ProvisioningStyle = Automatic;
						TestTargetID = 9F803A621F9839C800499D9D;
					};
				};
			};
			buildConfigurationList = 9F803A5E1F9839C800499D9D /* Build configuration list for PBXProject "Exercise" */;
			compatibilityVersion = "Xcode 8.0";
			developmentRegion = en;
			hasScannedForEncodings = 0;
			knownRegions = (
				en,
				Base,
			);
			mainGroup = 9F803A5A1F9839C800499D9D;
			productRefGroup = 9F803A641F9839C800499D9D /* Products */;
			projectDirPath = "";
			projectRoot = "";
			targets = (
				9F803A621F9839C800499D9D /* Exercise */,
				9F803A7A1F9839C900499D9D /* ExerciseTests */,
				9F803A851F9839C900499D9D /* ExerciseUITests */,
			);
		};
/* End PBXProject section */

/* Begin PBXResourcesBuildPhase section */
		9F803A611F9839C800499D9D /* Resources */ = {
			isa = PBXResourcesBuildPhase;
			buildActionMask = 2147483647;
			files = (
				9F803A731F9839C800499D9D /* LaunchScreen.storyboard in Resources */,
				9F803A701F9839C800499D9D /* Assets.xcassets in Resources */,
				9F803A6E1F9839C800499D9D /* Main.storyboard in Resources */,
			);
			runOnlyForDeploymentPostprocessing = 0;
		};
		9F803A791F9839C900499D9D /* Resources */ = {
			isa = PBXResourcesBuildPhase;
			buildActionMask = 2147483647;
			files = (
			);
			runOnlyForDeploymentPostprocessing = 0;
		};
		9F803A841F9839C900499D9D /* Resources */ = {
			isa = PBXResourcesBuildPhase;
			buildActionMask = 2147483647;
			files = (
			);
			runOnlyForDeploymentPostprocessing = 0;
		};
/* End PBXResourcesBuildPhase section */

/* Begin PBXSourcesBuildPhase section */
		9F803A5F1F9839C800499D9D /* Sources */ = {
			isa = PBXSourcesBuildPhase;
			buildActionMask = 2147483647;
			files = (
				9FE5BCFA1F9DBD280030D92B /* WDCPlusButtonSubclass.m in Sources */,
				9F803A6B1F9839C800499D9D /* ViewController.m in Sources */,
				9F803A761F9839C900499D9D /* main.m in Sources */,
				9FE5BCF71F9DB8900030D92B /* WDCTabBarControllerConfig.m in Sources */,
				9F803A681F9839C800499D9D /* AppDelegate.m in Sources */,
				9FE5BCF31F9D98180030D92B /* WDCTabBarController.m in Sources */,
				9FE5BCF01F9D93C60030D92B /* WDCTabBar.m in Sources */,
				9FE5BCED1F9D92000030D92B /* WDCPlusButton.m in Sources */,
			);
			runOnlyForDeploymentPostprocessing = 0;
		};
		9F803A771F9839C900499D9D /* Sources */ = {
			isa = PBXSourcesBuildPhase;
			buildActionMask = 2147483647;
			files = (
				9F803A801F9839C900499D9D /* ExerciseTests.m in Sources */,
			);
			runOnlyForDeploymentPostprocessing = 0;
		};
		9F803A821F9839C900499D9D /* Sources */ = {
			isa = PBXSourcesBuildPhase;
			buildActionMask = 2147483647;
			files = (
				9F803A8B1F9839C900499D9D /* ExerciseUITests.m in Sources */,
			);
			runOnlyForDeploymentPostprocessing = 0;
		};
/* End PBXSourcesBuildPhase section */

/* Begin PBXTargetDependency section */
		9F803A7D1F9839C900499D9D /* PBXTargetDependency */ = {
			isa = PBXTargetDependency;
			target = 9F803A621F9839C800499D9D /* Exercise */;
			targetProxy = 9F803A7C1F9839C900499D9D /* PBXContainerItemProxy */;
		};
		9F803A881F9839C900499D9D /* PBXTargetDependency */ = {
			isa = PBXTargetDependency;
			target = 9F803A621F9839C800499D9D /* Exercise */;
			targetProxy = 9F803A871F9839C900499D9D /* PBXContainerItemProxy */;
		};
/* End PBXTargetDependency section */

/* Begin PBXVariantGroup section */
		9F803A6C1F9839C800499D9D /* Main.storyboard */ = {
			isa = PBXVariantGroup;
			children = (
				9F803A6D1F9839C800499D9D /* Base */,
			);
			name = Main.storyboard;
			sourceTree = "<group>";
		};
		9F803A711F9839C800499D9D /* LaunchScreen.storyboard */ = {
			isa = PBXVariantGroup;
			children = (
				9F803A721F9839C800499D9D /* Base */,
			);
			name = LaunchScreen.storyboard;
			sourceTree = "<group>";
		};
/* End PBXVariantGroup section */

/* Begin XCBuildConfiguration section */
		9F803A8D1F9839C900499D9D /* Debug */ = {
			isa = XCBuildConfiguration;
			buildSettings = {
				ALWAYS_SEARCH_USER_PATHS = NO;
				CLANG_ANALYZER_NONNULL = YES;
				CLANG_ANALYZER_NUMBER_OBJECT_CONVERSION = YES_AGGRESSIVE;
				CLANG_CXX_LANGUAGE_STANDARD = "gnu++14";
				CLANG_CXX_LIBRARY = "libc++";
				CLANG_ENABLE_MODULES = YES;
				CLANG_ENABLE_OBJC_ARC = YES;
				CLANG_WARN_BLOCK_CAPTURE_AUTORELEASING = YES;
				CLANG_WARN_BOOL_CONVERSION = YES;
				CLANG_WARN_COMMA = YES;
				CLANG_WARN_CONSTANT_CONVERSION = YES;
				CLANG_WARN_DIRECT_OBJC_ISA_USAGE = YES_ERROR;
				CLANG_WARN_DOCUMENTATION_COMMENTS = YES;
				CLANG_WARN_EMPTY_BODY = YES;
				CLANG_WARN_ENUM_CONVERSION = YES;
				CLANG_WARN_INFINITE_RECURSION = YES;
				CLANG_WARN_INT_CONVERSION = YES;
				CLANG_WARN_NON_LITERAL_NULL_CONVERSION = YES;
				CLANG_WARN_OBJC_LITERAL_CONVERSION = YES;
				CLANG_WARN_OBJC_ROOT_CLASS = YES_ERROR;
				CLANG_WARN_RANGE_LOOP_ANALYSIS = YES;
				CLANG_WARN_STRICT_PROTOTYPES = YES;
				CLANG_WARN_SUSPICIOUS_MOVE = YES;
				CLANG_WARN_UNGUARDED_AVAILABILITY = YES_AGGRESSIVE;
				CLANG_WARN_UNREACHABLE_CODE = YES;
				CLANG_WARN__DUPLICATE_METHOD_MATCH = YES;
				CODE_SIGN_IDENTITY = "iPhone Developer";
				COPY_PHASE_STRIP = NO;
				DEBUG_INFORMATION_FORMAT = dwarf;
				ENABLE_STRICT_OBJC_MSGSEND = YES;
				ENABLE_TESTABILITY = YES;
				GCC_C_LANGUAGE_STANDARD = gnu11;
				GCC_DYNAMIC_NO_PIC = NO;
				GCC_NO_COMMON_BLOCKS = YES;
				GCC_OPTIMIZATION_LEVEL = 0;
				GCC_PREPROCESSOR_DEFINITIONS = (
					"DEBUG=1",
					"$(inherited)",
				);
				GCC_WARN_64_TO_32_BIT_CONVERSION = YES;
				GCC_WARN_ABOUT_RETURN_TYPE = YES_ERROR;
				GCC_WARN_UNDECLARED_SELECTOR = YES;
				GCC_WARN_UNINITIALIZED_AUTOS = YES_AGGRESSIVE;
				GCC_WARN_UNUSED_FUNCTION = YES;
				GCC_WARN_UNUSED_VARIABLE = YES;
				IPHONEOS_DEPLOYMENT_TARGET = 11.0;
				MTL_ENABLE_DEBUG_INFO = YES;
				ONLY_ACTIVE_ARCH = YES;
				SDKROOT = iphoneos;
			};
			name = Debug;
		};
		9F803A8E1F9839C900499D9D /* Release */ = {
			isa = XCBuildConfiguration;
			buildSettings = {
				ALWAYS_SEARCH_USER_PATHS = NO;
				CLANG_ANALYZER_NONNULL = YES;
				CLANG_ANALYZER_NUMBER_OBJECT_CONVERSION = YES_AGGRESSIVE;
				CLANG_CXX_LANGUAGE_STANDARD = "gnu++14";
				CLANG_CXX_LIBRARY = "libc++";
				CLANG_ENABLE_MODULES = YES;
				CLANG_ENABLE_OBJC_ARC = YES;
				CLANG_WARN_BLOCK_CAPTURE_AUTORELEASING = YES;
				CLANG_WARN_BOOL_CONVERSION = YES;
				CLANG_WARN_COMMA = YES;
				CLANG_WARN_CONSTANT_CONVERSION = YES;
				CLANG_WARN_DIRECT_OBJC_ISA_USAGE = YES_ERROR;
				CLANG_WARN_DOCUMENTATION_COMMENTS = YES;
				CLANG_WARN_EMPTY_BODY = YES;
				CLANG_WARN_ENUM_CONVERSION = YES;
				CLANG_WARN_INFINITE_RECURSION = YES;
				CLANG_WARN_INT_CONVERSION = YES;
				CLANG_WARN_NON_LITERAL_NULL_CONVERSION = YES;
				CLANG_WARN_OBJC_LITERAL_CONVERSION = YES;
				CLANG_WARN_OBJC_ROOT_CLASS = YES_ERROR;
				CLANG_WARN_RANGE_LOOP_ANALYSIS = YES;
				CLANG_WARN_STRICT_PROTOTYPES = YES;
				CLANG_WARN_SUSPICIOUS_MOVE = YES;
				CLANG_WARN_UNGUARDED_AVAILABILITY = YES_AGGRESSIVE;
				CLANG_WARN_UNREACHABLE_CODE = YES;
				CLANG_WARN__DUPLICATE_METHOD_MATCH = YES;
				CODE_SIGN_IDENTITY = "iPhone Developer";
				COPY_PHASE_STRIP = NO;
				DEBUG_INFORMATION_FORMAT = "dwarf-with-dsym";
				ENABLE_NS_ASSERTIONS = NO;
				ENABLE_STRICT_OBJC_MSGSEND = YES;
				GCC_C_LANGUAGE_STANDARD = gnu11;
				GCC_NO_COMMON_BLOCKS = YES;
				GCC_WARN_64_TO_32_BIT_CONVERSION = YES;
				GCC_WARN_ABOUT_RETURN_TYPE = YES_ERROR;
				GCC_WARN_UNDECLARED_SELECTOR = YES;
				GCC_WARN_UNINITIALIZED_AUTOS = YES_AGGRESSIVE;
				GCC_WARN_UNUSED_FUNCTION = YES;
				GCC_WARN_UNUSED_VARIABLE = YES;
				IPHONEOS_DEPLOYMENT_TARGET = 11.0;
				MTL_ENABLE_DEBUG_INFO = NO;
				SDKROOT = iphoneos;
				VALIDATE_PRODUCT = YES;
			};
			name = Release;
		};
		9F803A901F9839C900499D9D /* Debug */ = {
			isa = XCBuildConfiguration;
			buildSettings = {
				ASSETCATALOG_COMPILER_APPICON_NAME = AppIcon;
				CODE_SIGN_STYLE = Automatic;
				DEVELOPMENT_TEAM = GCT6APS53M;
				HEADER_SEARCH_PATHS = "\"$(SRCROOT)/Exercise/CSStickyHeaderFlowLayout\"";
				INFOPLIST_FILE = Exercise/Info.plist;
				LD_RUNPATH_SEARCH_PATHS = "$(inherited) @executable_path/Frameworks";
				ONLY_ACTIVE_ARCH = NO;
				PRODUCT_BUNDLE_IDENTIFIER = lalabai.Exercise;
				PRODUCT_NAME = "$(TARGET_NAME)";
				TARGETED_DEVICE_FAMILY = "1,2";
			};
			name = Debug;
		};
		9F803A911F9839C900499D9D /* Release */ = {
			isa = XCBuildConfiguration;
			buildSettings = {
				ASSETCATALOG_COMPILER_APPICON_NAME = AppIcon;
				CODE_SIGN_STYLE = Automatic;
				DEVELOPMENT_TEAM = GCT6APS53M;
				HEADER_SEARCH_PATHS = "\"$(SRCROOT)/Exercise/CSStickyHeaderFlowLayout\"";
				INFOPLIST_FILE = Exercise/Info.plist;
				LD_RUNPATH_SEARCH_PATHS = "$(inherited) @executable_path/Frameworks";
				PRODUCT_BUNDLE_IDENTIFIER = lalabai.Exercise;
				PRODUCT_NAME = "$(TARGET_NAME)";
				TARGETED_DEVICE_FAMILY = "1,2";
			};
			name = Release;
		};
		9F803A931F9839C900499D9D /* Debug */ = {
			isa = XCBuildConfiguration;
			buildSettings = {
				BUNDLE_LOADER = "$(TEST_HOST)";
				CODE_SIGN_STYLE = Automatic;
				INFOPLIST_FILE = ExerciseTests/Info.plist;
				LD_RUNPATH_SEARCH_PATHS = "$(inherited) @executable_path/Frameworks @loader_path/Frameworks";
				PRODUCT_BUNDLE_IDENTIFIER = lalabai.ExerciseTests;
				PRODUCT_NAME = "$(TARGET_NAME)";
				TARGETED_DEVICE_FAMILY = "1,2";
				TEST_HOST = "$(BUILT_PRODUCTS_DIR)/Exercise.app/Exercise";
			};
			name = Debug;
		};
		9F803A941F9839C900499D9D /* Release */ = {
			isa = XCBuildConfiguration;
			buildSettings = {
				BUNDLE_LOADER = "$(TEST_HOST)";
				CODE_SIGN_STYLE = Automatic;
				INFOPLIST_FILE = ExerciseTests/Info.plist;
				LD_RUNPATH_SEARCH_PATHS = "$(inherited) @executable_path/Frameworks @loader_path/Frameworks";
				PRODUCT_BUNDLE_IDENTIFIER = lalabai.ExerciseTests;
				PRODUCT_NAME = "$(TARGET_NAME)";
				TARGETED_DEVICE_FAMILY = "1,2";
				TEST_HOST = "$(BUILT_PRODUCTS_DIR)/Exercise.app/Exercise";
			};
			name = Release;
		};
		9F803A961F9839C900499D9D /* Debug */ = {
			isa = XCBuildConfiguration;
			buildSettings = {
				CODE_SIGN_STYLE = Automatic;
				INFOPLIST_FILE = ExerciseUITests/Info.plist;
				LD_RUNPATH_SEARCH_PATHS = "$(inherited) @executable_path/Frameworks @loader_path/Frameworks";
				PRODUCT_BUNDLE_IDENTIFIER = lalabai.ExerciseUITests;
				PRODUCT_NAME = "$(TARGET_NAME)";
				TARGETED_DEVICE_FAMILY = "1,2";
				TEST_TARGET_NAME = Exercise;
			};
			name = Debug;
		};
		9F803A971F9839C900499D9D /* Release */ = {
			isa = XCBuildConfiguration;
			buildSettings = {
				CODE_SIGN_STYLE = Automatic;
				INFOPLIST_FILE = ExerciseUITests/Info.plist;
				LD_RUNPATH_SEARCH_PATHS = "$(inherited) @executable_path/Frameworks @loader_path/Frameworks";
				PRODUCT_BUNDLE_IDENTIFIER = lalabai.ExerciseUITests;
				PRODUCT_NAME = "$(TARGET_NAME)";
				TARGETED_DEVICE_FAMILY = "1,2";
				TEST_TARGET_NAME = Exercise;
			};
			name = Release;
		};
/* End XCBuildConfiguration section */

/* Begin XCConfigurationList section */
		9F803A5E1F9839C800499D9D /* Build configuration list for PBXProject "Exercise" */ = {
			isa = XCConfigurationList;
			buildConfigurations = (
				9F803A8D1F9839C900499D9D /* Debug */,
				9F803A8E1F9839C900499D9D /* Release */,
			);
			defaultConfigurationIsVisible = 0;
			defaultConfigurationName = Release;
		};
		9F803A8F1F9839C900499D9D /* Build configuration list for PBXNativeTarget "Exercise" */ = {
			isa = XCConfigurationList;
			buildConfigurations = (
				9F803A901F9839C900499D9D /* Debug */,
				9F803A911F9839C900499D9D /* Release */,
			);
			defaultConfigurationIsVisible = 0;
			defaultConfigurationName = Release;
		};
		9F803A921F9839C900499D9D /* Build configuration list for PBXNativeTarget "ExerciseTests" */ = {
			isa = XCConfigurationList;
			buildConfigurations = (
				9F803A931F9839C900499D9D /* Debug */,
				9F803A941F9839C900499D9D /* Release */,
			);
			defaultConfigurationIsVisible = 0;
			defaultConfigurationName = Release;
		};
		9F803A951F9839C900499D9D /* Build configuration list for PBXNativeTarget "ExerciseUITests" */ = {
			isa = XCConfigurationList;
			buildConfigurations = (
				9F803A961F9839C900499D9D /* Debug */,
				9F803A971F9839C900499D9D /* Release */,
			);
			defaultConfigurationIsVisible = 0;
			defaultConfigurationName = Release;
		};
/* End XCConfigurationList section */
	};
	rootObject = 9F803A5B1F9839C800499D9D /* Project object */;
}
